
Microsoft Visual Studio Solution File, Format Version 12.00
# Visual Studio Version 17
VisualStudioVersion = 17.12.35521.163 d17.12
MinimumVisualStudioVersion = 10.0.40219.1
Project("{FAE04EC0-301F-11D3-BF4B-00C04F79EFBC}") = "Modelos", "Modelos\Modelos.csproj", "{E3157A22-D88D-4C65-BB06-3324A4B8FBBF}"
EndProject
Project("{FAE04EC0-301F-11D3-BF4B-00C04F79EFBC}") = "Data", "Data\Data.csproj", "{B7506CCA-492F-4E45-A923-6A949C5CD89B}"
EndProject
Project("{FAE04EC0-301F-11D3-BF4B-00C04F79EFBC}") = "Utilidades", "Utilidades\Utilidades.csproj", "{8F6E6D98-CE65-40F2-8624-1C98A2179A22}"
EndProject
Project("{FAE04EC0-301F-11D3-BF4B-00C04F79EFBC}") = "BLL", "BLL\BLL.csproj", "{966B3C59-95BB-4B2E-83F7-F814BC983907}"
EndProject
Project("{FAE04EC0-301F-11D3-BF4B-00C04F79EFBC}") = "API", "API\API.csproj", "{07E36862-6CCF-411D-B552-4AD12BD64AE0}"
EndProject
Global
	GlobalSection(SolutionConfigurationPlatforms) = preSolution
		Debug|Any CPU = Debug|Any CPU
		Release|Any CPU = Release|Any CPU
	EndGlobalSection
	GlobalSection(ProjectConfigurationPlatforms) = postSolution
		{E3157A22-D88D-4C65-BB06-3324A4B8FBBF}.Debug|Any CPU.ActiveCfg = Debug|Any CPU
		{E3157A22-D88D-4C65-BB06-3324A4B8FBBF}.Debug|Any CPU.Build.0 = Debug|Any CPU
		{E3157A22-D88D-4C65-BB06-3324A4B8FBBF}.Release|Any CPU.ActiveCfg = Release|Any CPU
		{E3157A22-D88D-4C65-BB06-3324A4B8FBBF}.Release|Any CPU.Build.0 = Release|Any CPU
		{B7506CCA-492F-4E45-A923-6A949C5CD89B}.Debug|Any CPU.ActiveCfg = Debug|Any CPU
		{B7506CCA-492F-4E45-A923-6A949C5CD89B}.Debug|Any CPU.Build.0 = Debug|Any CPU
		{B7506CCA-492F-4E45-A923-6A949C5CD89B}.Release|Any CPU.ActiveCfg = Release|Any CPU
		{B7506CCA-492F-4E45-A923-6A949C5CD89B}.Release|Any CPU.Build.0 = Release|Any CPU
		{8F6E6D98-CE65-40F2-8624-1C98A2179A22}.Debug|Any CPU.ActiveCfg = Debug|Any CPU
		{8F6E6D98-CE65-40F2-8624-1C98A2179A22}.Debug|Any CPU.Build.0 = Debug|Any CPU
		{8F6E6D98-CE65-40F2-8624-1C98A2179A22}.Release|Any CPU.ActiveCfg = Release|Any CPU
		{8F6E6D98-CE65-40F2-8624-1C98A2179A22}.Release|Any CPU.Build.0 = Release|Any CPU
		{966B3C59-95BB-4B2E-83F7-F814BC983907}.Debug|Any CPU.ActiveCfg = Debug|Any CPU
		{966B3C59-95BB-4B2E-83F7-F814BC983907}.Debug|Any CPU.Build.0 = Debug|Any CPU
		{966B3C59-95BB-4B2E-83F7-F814BC983907}.Release|Any CPU.ActiveCfg = Release|Any CPU
		{966B3C59-95BB-4B2E-83F7-F814BC983907}.Release|Any CPU.Build.0 = Release|Any CPU
		{07E36862-6CCF-411D-B552-4AD12BD64AE0}.Debug|Any CPU.ActiveCfg = Debug|Any CPU
		{07E36862-6CCF-411D-B552-4AD12BD64AE0}.Debug|Any CPU.Build.0 = Debug|Any CPU
		{07E36862-6CCF-411D-B552-4AD12BD64AE0}.Release|Any CPU.ActiveCfg = Release|Any CPU
		{07E36862-6CCF-411D-B552-4AD12BD64AE0}.Release|Any CPU.Build.0 = Release|Any CPU
	EndGlobalSection
	GlobalSection(SolutionProperties) = preSolution
		HideSolutionNode = FALSE
	EndGlobalSection
EndGlobal
